
Microsoft Visual Studio Solution File, Format Version 12.00
# Visual Studio Version 16
VisualStudioVersion = 16.0.31605.320
MinimumVisualStudioVersion = 10.0.40219.1
Project("{FAE04EC0-301F-11D3-BF4B-00C04F79EFBC}") = "Assignment02", "Assignment02\Assignment02.csproj", "{76DB1C2D-D036-43EA-BD10-230C24A8D3EB}"
EndProject
Project("{FAE04EC0-301F-11D3-BF4B-00C04F79EFBC}") = "Assignment02.Tests", "Assignment02.Tests\Assignment02.Tests.csproj", "{21459618-526A-4F3F-83D9-49C1CD0C660E}"
EndProject
Global
	GlobalSection(SolutionConfigurationPlatforms) = preSolution
		Debug|Any CPU = Debug|Any CPU
		Release|Any CPU = Release|Any CPU
	EndGlobalSection
	GlobalSection(ProjectConfigurationPlatforms) = postSolution
		{76DB1C2D-D036-43EA-BD10-230C24A8D3EB}.Debug|Any CPU.ActiveCfg = Debug|Any CPU
		{76DB1C2D-D036-43EA-BD10-230C24A8D3EB}.Debug|Any CPU.Build.0 = Debug|Any CPU
		{76DB1C2D-D036-43EA-BD10-230C24A8D3EB}.Release|Any CPU.ActiveCfg = Release|Any CPU
		{76DB1C2D-D036-43EA-BD10-230C24A8D3EB}.Release|Any CPU.Build.0 = Release|Any CPU
		{21459618-526A-4F3F-83D9-49C1CD0C660E}.Debug|Any CPU.ActiveCfg = Debug|Any CPU
		{21459618-526A-4F3F-83D9-49C1CD0C660E}.Debug|Any CPU.Build.0 = Debug|Any CPU
		{21459618-526A-4F3F-83D9-49C1CD0C660E}.Release|Any CPU.ActiveCfg = Release|Any CPU
		{21459618-526A-4F3F-83D9-49C1CD0C660E}.Release|Any CPU.Build.0 = Release|Any CPU
	EndGlobalSection
	GlobalSection(SolutionProperties) = preSolution
		HideSolutionNode = FALSE
	EndGlobalSection
	GlobalSection(ExtensibilityGlobals) = postSolution
		SolutionGuid = {965DFD48-C3BD-4012-89FA-D095BA13E362}
	EndGlobalSection
EndGlobal
